
Microsoft Visual Studio Solution File, Format Version 12.00
# Visual Studio Version 17
VisualStudioVersion = 17.8.34511.84
MinimumVisualStudioVersion = 10.0.40219.1
Project("{FAE04EC0-301F-11D3-BF4B-00C04F79EFBC}") = "BLTest", "BLTest\BLTest.csproj", "{34668633-2281-4276-BD4D-AC619DBE4879}"
EndProject
Project("{FAE04EC0-301F-11D3-BF4B-00C04F79EFBC}") = "Entities", "Entities\Entities.csproj", "{0EE290C2-5354-4BA8-A606-AFDABF650BB8}"
EndProject
Global
	GlobalSection(SolutionConfigurationPlatforms) = preSolution
		Debug|Any CPU = Debug|Any CPU
		Release|Any CPU = Release|Any CPU
	EndGlobalSection
	GlobalSection(ProjectConfigurationPlatforms) = postSolution
		{34668633-2281-4276-BD4D-AC619DBE4879}.Debug|Any CPU.ActiveCfg = Debug|Any CPU
		{34668633-2281-4276-BD4D-AC619DBE4879}.Debug|Any CPU.Build.0 = Debug|Any CPU
		{34668633-2281-4276-BD4D-AC619DBE4879}.Release|Any CPU.ActiveCfg = Release|Any CPU
		{34668633-2281-4276-BD4D-AC619DBE4879}.Release|Any CPU.Build.0 = Release|Any CPU
		{0EE290C2-5354-4BA8-A606-AFDABF650BB8}.Debug|Any CPU.ActiveCfg = Debug|Any CPU
		{0EE290C2-5354-4BA8-A606-AFDABF650BB8}.Debug|Any CPU.Build.0 = Debug|Any CPU
		{0EE290C2-5354-4BA8-A606-AFDABF650BB8}.Release|Any CPU.ActiveCfg = Release|Any CPU
		{0EE290C2-5354-4BA8-A606-AFDABF650BB8}.Release|Any CPU.Build.0 = Release|Any CPU
	EndGlobalSection
	GlobalSection(SolutionProperties) = preSolution
		HideSolutionNode = FALSE
	EndGlobalSection
	GlobalSection(ExtensibilityGlobals) = postSolution
		SolutionGuid = {26EC583E-5B5E-4CBC-95F6-337EFD14AC01}
	EndGlobalSection
EndGlobal
